n}3QaXI^LQaFA`LF“LeTAdUIcRC]DrHQSqk€nn}3QaXI^LQaFA`LF“cEcD
„^eRU_`UOF`LF“TZNIh„MXUS.„C“SQaLHURE[VF^`NaUS[’n}5bRMa]]q„PcRU[OIcRCSQIr„MaJNa„ObTFWIL[V]Ÿ„DWI[PF`QO“SQaLHa\LS„PaVFccbTO[KCaHIeILoQOdVI“FeRJ“LL[„I`RJ“SQaGQSPMX’DSFiLA^`NnIbTOVTA_P\“GF`IQ[TTqVbTOgLLo„ø“UCaHKf„RaE\eLJŸ„NS„OdQOUI]RSaTO\„MaJNa„CncR`LSo`DU_PaONXQIX„KSNIh„UfQKiLJ“WY^RTRLo\F“FRXGO“FQXPF`L“AS[„PcRDcDM__“RE`DKa`IbRMaGAqVU_`ULSo„PcLX[QT“UN[JF`L`“SQaLHURE[VF^`NaUS[’n}qk7H]LF“PFdVA.„OjINo„XSUSa„CaKN[NAqVbTI“RPcIEXO`Q\h„TdOOUL`h]RSaT\X„PcLbTOgLL[TOUDN[LU_`ULSo„NXFOZPOYQO¡qkJVOT_bRNrV]Ÿ„Pa[F_WbTO[KOkOO“VO“LL[„I`RF“UOT_S[I“VQXETXVRr„CaUReDNSFL[FAe`]RNeIKdV“&dFOq„OjIQXH]Ÿ„E^cURRdVA`RC^IN[c]RNeIKdVA“VQXETXVRr„ScDRdLQaFKS’n}qkÜÒÄßÙÅØ„Ù×ÕåÉÂà¢n}qkÜÊÔçÖÆÔÑÙÍÍØ¦ÖÙÊÆåŒƒÜÒÑèØÙÍÍØ„ÑÔØÉ•ÜÓÔ­žÊáàÊâ×›­ÆÊáÅÓìœ€nÐÙ×ÕåÉÂà„ÐèØÑèØ£èÊÇØÖ‰•ÓÖçÔÖç„ÇÜÐÆ“ÔÂçÌƒŸ„Êâ×›­ÓÖçàÊâ×›­ÆÊáÅÓìœ€nÄÛÅÓ“ÍÏãÙÕÎ•‘¥˜¾®qkÖÌÂå„ÐèØÑèØ¼¤”“§Áœ€nn}ÍÇ“ŒÇÜÐÆµÙÇÙÉÓ¡ÍÔÒÓÑØÒ‰œn}ßn}„“„ÇÜÐÆµÙÇÙÉÓ¡×ÆØÏÈ›”“ÍÐæž›ÕÉÈœŸn}„“„ÇÜÐÆµÙÇÙÉÓ¡ËÆçÐÊáÉ‰ÜÒÑèØ“•‘¥˜Š®qkðqk€n¢„®âÈÊÙÝâÙÕãÙÕ“ÌÆåÉ€nn}ÓÖçÔÖç¦ÖÙÊÆå’ØåÍÕØŒÐèØÑèØ“×ÊíÉÐÙŒÐèØÑèØŠœŸn}qkâÙÕãÙÕµÙÇÙÉÓ¡ÇÍâ×Æ›œ€nÇÜÐÆµÙÇÙÉÓ¡ÇÍâ×Æ›œ€n§åÓÎ“ÑÆàÓÓì„ª“ØÉÜÒÌ“ØÉÜ×Ü×ÛÓØ“ÍÕ“ËÐØ×