
Microsoft Visual Studio Solution File, Format Version 12.00
# Visual Studio 15
VisualStudioVersion = 15.0.25928.0
MinimumVisualStudioVersion = 10.0.40219.1
Project("{FAE04EC0-301F-11D3-BF4B-00C04F79EFBC}") = "lab8", "lab8\lab8.csproj", "{CE01673B-F7EA-473E-9AFB-7156D1CC713F}"
EndProject
Global
	GlobalSection(SolutionConfigurationPlatforms) = preSolution
		Debug|Any CPU = Debug|Any CPU
		Release|Any CPU = Release|Any CPU
	EndGlobalSection
	GlobalSection(ProjectConfigurationPlatforms) = postSolution
		{CE01673B-F7EA-473E-9AFB-7156D1CC713F}.Debug|Any CPU.ActiveCfg = Debug|Any CPU
		{CE01673B-F7EA-473E-9AFB-7156D1CC713F}.Debug|Any CPU.Build.0 = Debug|Any CPU
		{CE01673B-F7EA-473E-9AFB-7156D1CC713F}.Release|Any CPU.ActiveCfg = Release|Any CPU
		{CE01673B-F7EA-473E-9AFB-7156D1CC713F}.Release|Any CPU.Build.0 = Release|Any CPU
	EndGlobalSection
	GlobalSection(SolutionProperties) = preSolution
		HideSolutionNode = FALSE
	EndGlobalSection
EndGlobal
